
Microsoft Visual Studio Solution File, Format Version 12.00
# Visual Studio Version 17
VisualStudioVersion = 17.6.33829.357
MinimumVisualStudioVersion = 10.0.40219.1
Project("{FAE04EC0-301F-11D3-BF4B-00C04F79EFBC}") = "Web2DS", "Web2DS\Web2DS.csproj", "{D55AAE99-7557-48E6-B20D-7371FBF44BE0}"
EndProject
Global
	GlobalSection(SolutionConfigurationPlatforms) = preSolution
		Debug|Any CPU = Debug|Any CPU
		Release|Any CPU = Release|Any CPU
	EndGlobalSection
	GlobalSection(ProjectConfigurationPlatforms) = postSolution
		{D55AAE99-7557-48E6-B20D-7371FBF44BE0}.Debug|Any CPU.ActiveCfg = Debug|Any CPU
		{D55AAE99-7557-48E6-B20D-7371FBF44BE0}.Debug|Any CPU.Build.0 = Debug|Any CPU
		{D55AAE99-7557-48E6-B20D-7371FBF44BE0}.Release|Any CPU.ActiveCfg = Release|Any CPU
		{D55AAE99-7557-48E6-B20D-7371FBF44BE0}.Release|Any CPU.Build.0 = Release|Any CPU
	EndGlobalSection
	GlobalSection(SolutionProperties) = preSolution
		HideSolutionNode = FALSE
	EndGlobalSection
	GlobalSection(ExtensibilityGlobals) = postSolution
		SolutionGuid = {A8E5C71D-4167-48D3-974A-BC5937F7F2CF}
	EndGlobalSection
EndGlobal
